<?xml version="1.0" encoding="utf-8"?>
<Project ToolsVersion="4.0" xmlns="http://schemas.microsoft.com/developer/msbuild/2003">
  <ItemGroup>
    <Filter Include="소스 파일">
      <UniqueIdentifier>{4FC737F1-C7A5-4376-A066-2A32D752A2FF}</UniqueIdentifier>
      <Extensions>cpp;c;cc;cxx;def;odl;idl;hpj;bat;asm;asmx</Extensions>
    </Filter>
    <Filter Include="헤더 파일">
      <UniqueIdentifier>{93995380-89BD-4b04-88EB-625FBE52EBFB}</UniqueIdentifier>
      <Extensions>h;hh;hpp;hxx;hm;inl;inc;ipp;xsd</Extensions>
    </Filter>
    <Filter Include="리소스 파일">
      <UniqueIdentifier>{67DA6AB6-F800-4c08-8B7A-83BB121AAD01}</UniqueIdentifier>
      <Extensions>rc;ico;cur;bmp;dlg;rc2;rct;bin;rgs;gif;jpg;jpeg;jpe;resx;tiff;tif;png;wav;mfcribbon-ms</Extensions>
    </Filter>
    <Filter Include="2DGameFramework">
      <UniqueIdentifier>{acc8cb01-70a4-4cc6-9d88-d32134c13a9f}</UniqueIdentifier>
    </Filter>
    <Filter Include="playGround">
      <UniqueIdentifier>{81ef0d09-364b-467c-92b5-68b9438212f6}</UniqueIdentifier>
    </Filter>
    <Filter Include="2DGameFramework\SingletonBase">
      <UniqueIdentifier>{8f2c2318-9b69-434a-838a-8649fb3d732d}</UniqueIdentifier>
    </Filter>
    <Filter Include="2DGameFramework\Manager">
      <UniqueIdentifier>{16fac473-44a9-4f96-870f-27a66bc8d31e}</UniqueIdentifier>
    </Filter>
    <Filter Include="2DGameFramework\image">
      <UniqueIdentifier>{7fcd4216-76a8-48f1-a13f-4afb68ded7c5}</UniqueIdentifier>
    </Filter>
    <Filter Include="2DGameFramework\Util">
      <UniqueIdentifier>{7d7b862c-abb8-408f-a500-97d6ced2a4fd}</UniqueIdentifier>
    </Filter>
    <Filter Include="2DGameFramework\progressBar">
      <UniqueIdentifier>{c1cc7a2a-bdac-47e2-bf6f-f3b70adb4fac}</UniqueIdentifier>
    </Filter>
    <Filter Include="2DGameFramework\txtData">
      <UniqueIdentifier>{511868d2-4d81-4fc3-bf82-6322d9df63e4}</UniqueIdentifier>
    </Filter>
    <Filter Include="2DGameFramework\timer">
      <UniqueIdentifier>{6110c452-b2ac-48e8-ac0c-90e7d5151e36}</UniqueIdentifier>
    </Filter>
    <Filter Include="2DGameFramework\animation">
      <UniqueIdentifier>{a76d591a-6507-4a2b-aeab-11c470a3f2dd}</UniqueIdentifier>
    </Filter>
    <Filter Include="2DGameFramework\effect">
      <UniqueIdentifier>{0dbf570f-42b2-481b-8632-983fa151eedb}</UniqueIdentifier>
    </Filter>
    <Filter Include="2DGameFramework\button">
      <UniqueIdentifier>{edec0274-25d5-4cd4-9858-73c06504f062}</UniqueIdentifier>
    </Filter>
    <Filter Include="2DGameFramework\action">
      <UniqueIdentifier>{a505733a-b5f1-416e-941e-fb290e7b22a8}</UniqueIdentifier>
    </Filter>
    <Filter Include="playGround\Scene">
      <UniqueIdentifier>{810edbe3-8eb7-4fa4-bd39-babfbc100168}</UniqueIdentifier>
    </Filter>
    <Filter Include="playGround\mapTool">
      <UniqueIdentifier>{2376c2bd-eca4-4732-800d-57bd6f1a7a33}</UniqueIdentifier>
    </Filter>
    <Filter Include="playGround\addImage">
      <UniqueIdentifier>{773ae3f0-d11f-489d-bb99-623149287c5b}</UniqueIdentifier>
    </Filter>
    <Filter Include="playGround\DataManager">
      <UniqueIdentifier>{b2c3a4f1-7afb-4244-a874-e7446b1637d0}</UniqueIdentifier>
    </Filter>
    <Filter Include="playGround\CharacterState">
      <UniqueIdentifier>{956b9a0d-1ac7-447b-b06c-a37a1f2130bc}</UniqueIdentifier>
    </Filter>
    <Filter Include="playGround\Player">
      <UniqueIdentifier>{8a480303-b561-485d-b3ee-2cbcd04ba25b}</UniqueIdentifier>
    </Filter>
    <Filter Include="playGround\FlyingObject">
      <UniqueIdentifier>{81877399-eb7c-4077-bc8d-1e5d7c59c5fa}</UniqueIdentifier>
    </Filter>
    <Filter Include="playGround\EffectMaker">
      <UniqueIdentifier>{9ace945e-dd03-4268-99ce-43821ca08ca5}</UniqueIdentifier>
    </Filter>
    <Filter Include="playGround\EnemyManager">
      <UniqueIdentifier>{0a8b52bd-17bb-48c2-b9b4-e19a24dacf0e}</UniqueIdentifier>
    </Filter>
    <Filter Include="playGround\EnemyManager\Enemy">
      <UniqueIdentifier>{fbbab7b4-5057-4f7e-9f79-55de167bb8b6}</UniqueIdentifier>
    </Filter>
    <Filter Include="playGround\EnemyManager\EnemyState">
      <UniqueIdentifier>{f4e76c92-78d3-46ac-b8dc-f14a61f6efda}</UniqueIdentifier>
    </Filter>
    <Filter Include="playGround\Ui_Manager">
      <UniqueIdentifier>{2b23bffe-0b2e-4c08-a6fa-bfd3d2672701}</UniqueIdentifier>
    </Filter>
    <Filter Include="playGround\EnevtManager">
      <UniqueIdentifier>{e9e45605-9257-43f3-a7a1-91a8140fd779}</UniqueIdentifier>
    </Filter>
    <Filter Include="playGround\Scene\Stage">
      <UniqueIdentifier>{68bd155c-424b-4748-9017-f9dbf6689424}</UniqueIdentifier>
    </Filter>
    <Filter Include="playGround\Scene\Stage\Stage_0">
      <UniqueIdentifier>{d7b05acc-8141-48c5-ba27-e6dd74dabc9a}</UniqueIdentifier>
    </Filter>
    <Filter Include="playGround\Scene\Stage\Stage_1">
      <UniqueIdentifier>{a2e87c75-6e9a-46f4-bccf-1b452489a0b1}</UniqueIdentifier>
    </Filter>
    <Filter Include="playGround\Scene\Stage\Stage_2">
      <UniqueIdentifier>{4fbc9136-ce9b-4874-85d5-d0c28b68b071}</UniqueIdentifier>
    </Filter>
    <Filter Include="playGround\Scene\Intro">
      <UniqueIdentifier>{9abd7957-3ae3-4b4f-95c0-289eaf8c5135}</UniqueIdentifier>
    </Filter>
    <Filter Include="playGround\Scene\GameOver">
      <UniqueIdentifier>{56dabba3-1034-4953-a8e0-f7b20907a95e}</UniqueIdentifier>
    </Filter>
  </ItemGroup>
  <ItemGroup>
    <ClInclude Include="stdafx.h">
      <Filter>헤더 파일</Filter>
    </ClInclude>
    <ClInclude Include="targetver.h">
      <Filter>헤더 파일</Filter>
    </ClInclude>
    <ClInclude Include="Resource.h">
      <Filter>헤더 파일</Filter>
    </ClInclude>
    <ClInclude Include="windowAPI.h">
      <Filter>헤더 파일</Filter>
    </ClInclude>
    <ClInclude Include="commonMacroFunction.h">
      <Filter>헤더 파일</Filter>
    </ClInclude>
    <ClInclude Include="gameNode.h">
      <Filter>2DGameFramework</Filter>
    </ClInclude>
    <ClInclude Include="playGround.h">
      <Filter>playGround</Filter>
    </ClInclude>
    <ClInclude Include="singletonBase.h">
      <Filter>2DGameFramework\SingletonBase</Filter>
    </ClInclude>
    <ClInclude Include="randomFunction.h">
      <Filter>헤더 파일</Filter>
    </ClInclude>
    <ClInclude Include="keyManager.h">
      <Filter>2DGameFramework\Manager</Filter>
    </ClInclude>
    <ClInclude Include="image.h">
      <Filter>2DGameFramework\image</Filter>
    </ClInclude>
    <ClInclude Include="utils.h">
      <Filter>2DGameFramework\Util</Filter>
    </ClInclude>
    <ClInclude Include="imageManager.h">
      <Filter>2DGameFramework\Manager</Filter>
    </ClInclude>
    <ClInclude Include="progressBar.h">
      <Filter>2DGameFramework\progressBar</Filter>
    </ClInclude>
    <ClInclude Include="txtData.h">
      <Filter>2DGameFramework\txtData</Filter>
    </ClInclude>
    <ClInclude Include="timer.h">
      <Filter>2DGameFramework\timer</Filter>
    </ClInclude>
    <ClInclude Include="timeManager.h">
      <Filter>2DGameFramework\Manager</Filter>
    </ClInclude>
    <ClInclude Include="animation.h">
      <Filter>2DGameFramework\animation</Filter>
    </ClInclude>
    <ClInclude Include="effect.h">
      <Filter>2DGameFramework\effect</Filter>
    </ClInclude>
    <ClInclude Include="effectManager.h">
      <Filter>2DGameFramework\Manager</Filter>
    </ClInclude>
    <ClInclude Include="soundManager.h">
      <Filter>2DGameFramework\Manager</Filter>
    </ClInclude>
    <ClInclude Include="sceneManager.h">
      <Filter>2DGameFramework\Manager</Filter>
    </ClInclude>
    <ClInclude Include="button.h">
      <Filter>2DGameFramework\button</Filter>
    </ClInclude>
    <ClInclude Include="action.h">
      <Filter>2DGameFramework\action</Filter>
    </ClInclude>
    <ClInclude Include="keyAniManager.h">
      <Filter>2DGameFramework\Manager</Filter>
    </ClInclude>
    <ClInclude Include="sceneChanger.h">
      <Filter>playGround\Scene</Filter>
    </ClInclude>
    <ClInclude Include="scene_Library.h">
      <Filter>playGround\Scene</Filter>
    </ClInclude>
    <ClInclude Include="mapTool.h">
      <Filter>playGround\mapTool</Filter>
    </ClInclude>
    <ClInclude Include="mapTool_Library.h">
      <Filter>playGround\mapTool</Filter>
    </ClInclude>
    <ClInclude Include="cameraManager.h">
      <Filter>2DGameFramework\Manager</Filter>
    </ClInclude>
    <ClInclude Include="camera_Library.h">
      <Filter>2DGameFramework\Manager</Filter>
    </ClInclude>
    <ClInclude Include="TILE_INFO.h">
      <Filter>playGround</Filter>
    </ClInclude>
    <ClInclude Include="addImage.h">
      <Filter>playGround\addImage</Filter>
    </ClInclude>
    <ClInclude Include="DataManager.h">
      <Filter>playGround\DataManager</Filter>
    </ClInclude>
    <ClInclude Include="WorkList.h">
      <Filter>playGround</Filter>
    </ClInclude>
    <ClInclude Include="CharacterState.h">
      <Filter>playGround\CharacterState</Filter>
    </ClInclude>
    <ClInclude Include="Player.h">
      <Filter>playGround\Player</Filter>
    </ClInclude>
    <ClInclude Include="Data_Library.h">
      <Filter>playGround\DataManager</Filter>
    </ClInclude>
    <ClInclude Include="CharacterState_Library.h">
      <Filter>playGround\CharacterState</Filter>
    </ClInclude>
    <ClInclude Include="collisionUtil.h">
      <Filter>2DGameFramework\Util</Filter>
    </ClInclude>
    <ClInclude Include="collisionTestScene.h">
      <Filter>playGround</Filter>
    </ClInclude>
    <ClInclude Include="FlyingObject.h">
      <Filter>playGround\FlyingObject</Filter>
    </ClInclude>
    <ClInclude Include="FlyingObject_Library.h">
      <Filter>playGround\FlyingObject</Filter>
    </ClInclude>
    <ClInclude Include="EffectMaker.h">
      <Filter>playGround\EffectMaker</Filter>
    </ClInclude>
    <ClInclude Include="EffectMaker_Library.h">
      <Filter>playGround\EffectMaker</Filter>
    </ClInclude>
    <ClInclude Include="EnemyManager.h">
      <Filter>playGround\EnemyManager</Filter>
    </ClInclude>
    <ClInclude Include="EnemyManager_Library.h">
      <Filter>playGround\EnemyManager</Filter>
    </ClInclude>
    <ClInclude Include="Enemy.h">
      <Filter>playGround\EnemyManager\Enemy</Filter>
    </ClInclude>
    <ClInclude Include="EnemyState.h">
      <Filter>playGround\EnemyManager\EnemyState</Filter>
    </ClInclude>
    <ClInclude Include="Ui_Manager.h">
      <Filter>playGround\Ui_Manager</Filter>
    </ClInclude>
    <ClInclude Include="Ui_Manager_Library.h">
      <Filter>playGround\Ui_Manager</Filter>
    </ClInclude>
    <ClInclude Include="Stage_0.h">
      <Filter>playGround\Scene\Stage\Stage_0</Filter>
    </ClInclude>
    <ClInclude Include="eventManager.h">
      <Filter>playGround\EnevtManager</Filter>
    </ClInclude>
    <ClInclude Include="Stage_1.h">
      <Filter>playGround\Scene\Stage\Stage_1</Filter>
    </ClInclude>
    <ClInclude Include="Stage_2.h">
      <Filter>playGround\Scene\Stage\Stage_2</Filter>
    </ClInclude>
    <ClInclude Include="Intro_Scene.h">
      <Filter>playGround\Scene\Intro</Filter>
    </ClInclude>
    <ClInclude Include="GameOver.h">
      <Filter>playGround\Scene\GameOver</Filter>
    </ClInclude>
  </ItemGroup>
  <ItemGroup>
    <ClCompile Include="stdafx.cpp">
      <Filter>소스 파일</Filter>
    </ClCompile>
    <ClCompile Include="windowAPI.cpp">
      <Filter>소스 파일</Filter>
    </ClCompile>
    <ClCompile Include="gameNode.cpp">
      <Filter>2DGameFramework</Filter>
    </ClCompile>
    <ClCompile Include="playGround.cpp">
      <Filter>playGround</Filter>
    </ClCompile>
    <ClCompile Include="keyManager.cpp">
      <Filter>2DGameFramework\Manager</Filter>
    </ClCompile>
    <ClCompile Include="image.cpp">
      <Filter>2DGameFramework\image</Filter>
    </ClCompile>
    <ClCompile Include="utils.cpp">
      <Filter>2DGameFramework\Util</Filter>
    </ClCompile>
    <ClCompile Include="imageManager.cpp">
      <Filter>2DGameFramework\Manager</Filter>
    </ClCompile>
    <ClCompile Include="progressBar.cpp">
      <Filter>2DGameFramework\progressBar</Filter>
    </ClCompile>
    <ClCompile Include="txtData.cpp">
      <Filter>2DGameFramework\txtData</Filter>
    </ClCompile>
    <ClCompile Include="timer.cpp">
      <Filter>2DGameFramework\timer</Filter>
    </ClCompile>
    <ClCompile Include="timeManager.cpp">
      <Filter>2DGameFramework\Manager</Filter>
    </ClCompile>
    <ClCompile Include="animation.cpp">
      <Filter>2DGameFramework\animation</Filter>
    </ClCompile>
    <ClCompile Include="effect.cpp">
      <Filter>2DGameFramework\effect</Filter>
    </ClCompile>
    <ClCompile Include="effectManager.cpp">
      <Filter>2DGameFramework\Manager</Filter>
    </ClCompile>
    <ClCompile Include="soundManager.cpp">
      <Filter>2DGameFramework\Manager</Filter>
    </ClCompile>
    <ClCompile Include="sceneManager.cpp">
      <Filter>2DGameFramework\Manager</Filter>
    </ClCompile>
    <ClCompile Include="button.cpp">
      <Filter>2DGameFramework\button</Filter>
    </ClCompile>
    <ClCompile Include="action.cpp">
      <Filter>2DGameFramework\action</Filter>
    </ClCompile>
    <ClCompile Include="keyAniManager.cpp">
      <Filter>2DGameFramework\Manager</Filter>
    </ClCompile>
    <ClCompile Include="sceneChanger.cpp">
      <Filter>playGround\Scene</Filter>
    </ClCompile>
    <ClCompile Include="mapTool.cpp">
      <Filter>playGround\mapTool</Filter>
    </ClCompile>
    <ClCompile Include="cameraManager.cpp">
      <Filter>2DGameFramework\Manager</Filter>
    </ClCompile>
    <ClCompile Include="DataManager.cpp">
      <Filter>playGround\DataManager</Filter>
    </ClCompile>
    <ClCompile Include="CharacterState.cpp">
      <Filter>playGround\CharacterState</Filter>
    </ClCompile>
    <ClCompile Include="Player.cpp">
      <Filter>playGround\Player</Filter>
    </ClCompile>
    <ClCompile Include="collisionUtil.cpp">
      <Filter>2DGameFramework\Util</Filter>
    </ClCompile>
    <ClCompile Include="collisionTestScene.cpp">
      <Filter>playGround</Filter>
    </ClCompile>
    <ClCompile Include="FlyingObject.cpp">
      <Filter>playGround\FlyingObject</Filter>
    </ClCompile>
    <ClCompile Include="EffectMaker.cpp">
      <Filter>playGround\EffectMaker</Filter>
    </ClCompile>
    <ClCompile Include="EnemyManager.cpp">
      <Filter>playGround\EnemyManager</Filter>
    </ClCompile>
    <ClCompile Include="Enemy.cpp">
      <Filter>playGround\EnemyManager\Enemy</Filter>
    </ClCompile>
    <ClCompile Include="EnemyState.cpp">
      <Filter>playGround\EnemyManager\EnemyState</Filter>
    </ClCompile>
    <ClCompile Include="Ui_Manager.cpp">
      <Filter>playGround\Ui_Manager</Filter>
    </ClCompile>
    <ClCompile Include="Stage_0.cpp">
      <Filter>playGround\Scene\Stage\Stage_0</Filter>
    </ClCompile>
    <ClCompile Include="eventManager.cpp">
      <Filter>playGround\EnevtManager</Filter>
    </ClCompile>
    <ClCompile Include="Stage_1.cpp">
      <Filter>playGround\Scene\Stage\Stage_1</Filter>
    </ClCompile>
    <ClCompile Include="Stage_2.cpp">
      <Filter>playGround\Scene\Stage\Stage_2</Filter>
    </ClCompile>
    <ClCompile Include="Intro_Scene.cpp">
      <Filter>playGround\Scene\Intro</Filter>
    </ClCompile>
    <ClCompile Include="GameOver.cpp">
      <Filter>playGround\Scene\GameOver</Filter>
    </ClCompile>
  </ItemGroup>
  <ItemGroup>
    <ResourceCompile Include="windowAPI.rc">
      <Filter>리소스 파일</Filter>
    </ResourceCompile>
  </ItemGroup>
  <ItemGroup>
    <Image Include="small.ico">
      <Filter>리소스 파일</Filter>
    </Image>
    <Image Include="windowAPI.ico">
      <Filter>리소스 파일</Filter>
    </Image>
  </ItemGroup>
</Project>